{
  "version": 4,
  "terraform_version": "1.14.3",
  "serial": 4,
  "lineage": "f1b03b28-33fd-11eb-0f8a-1e1e9c1ab4ef",
  "outputs": {},
  "resources": [
    {
      "mode": "managed",
      "type": "azurerm_linux_web_app",
      "name": "web-api",
      "provider": "provider[\"registry.terraform.io/hashicorp/azurerm\"]",
      "instances": [
        {
          "schema_version": 1,
          "attributes": {
            "app_settings": null,
            "auth_settings": [],
            "auth_settings_v2": [],
            "backup": [],
            "client_affinity_enabled": false,
            "client_certificate_enabled": false,
            "client_certificate_exclusion_paths": "",
            "client_certificate_mode": "Required",
            "connection_string": [],
            "custom_domain_verification_id": "78B667626A8A9D16616BF22ED813B045C085B510D7780118A68B46AFB297836E",
            "default_hostname": "tjm-gh-actions-web-api.azurewebsites.net",
            "enabled": true,
            "ftp_publish_basic_authentication_enabled": true,
            "hosting_environment_id": "",
            "https_only": false,
            "id": "/subscriptions/4cc2c131-61da-4e29-9c69-4d76ca109eec/resourceGroups/gh-actions/providers/Microsoft.Web/sites/tjm-gh-actions-web-api",
            "identity": [],
            "key_vault_reference_identity_id": "SystemAssigned",
            "kind": "app,linux,container",
            "location": "centralus",
            "logs": [],
            "name": "tjm-gh-actions-web-api",
            "outbound_ip_address_list": [
              "20.98.171.95",
              "20.98.171.127",
              "20.98.171.213",
              "20.98.171.226",
              "20.98.172.28",
              "20.98.173.100",
              "20.118.40.6"
            ],
            "outbound_ip_addresses": "20.98.171.95,20.98.171.127,20.98.171.213,20.98.171.226,20.98.172.28,20.98.173.100,20.118.40.6",
            "possible_outbound_ip_address_list": [
              "20.98.171.95",
              "20.98.171.127",
              "20.98.171.213",
              "20.98.171.226",
              "20.98.172.28",
              "20.98.173.100",
              "20.98.174.213",
              "20.98.174.245",
              "20.98.175.12",
              "20.98.175.17",
              "20.98.175.92",
              "20.98.175.107",
              "20.98.175.120",
              "20.106.0.12",
              "20.106.0.51",
              "20.98.170.250",
              "20.106.0.156",
              "20.106.0.181",
              "20.106.0.208",
              "20.106.0.214",
              "20.106.0.242",
              "20.106.1.38",
              "20.106.1.150",
              "20.106.1.152",
              "20.118.40.6"
            ],
            "possible_outbound_ip_addresses": "20.98.171.95,20.98.171.127,20.98.171.213,20.98.171.226,20.98.172.28,20.98.173.100,20.98.174.213,20.98.174.245,20.98.175.12,20.98.175.17,20.98.175.92,20.98.175.107,20.98.175.120,20.106.0.12,20.106.0.51,20.98.170.250,20.106.0.156,20.106.0.181,20.106.0.208,20.106.0.214,20.106.0.242,20.106.1.38,20.106.1.150,20.106.1.152,20.118.40.6",
            "public_network_access_enabled": true,
            "resource_group_name": "gh-actions",
            "service_plan_id": "/subscriptions/4cc2c131-61da-4e29-9c69-4d76ca109eec/resourceGroups/gh-actions/providers/Microsoft.Web/serverFarms/web-api",
            "site_config": [
              {
                "always_on": false,
                "api_definition_url": "",
                "api_management_api_id": "",
                "app_command_line": "",
                "application_stack": [
                  {
                    "docker_image": "",
                    "docker_image_name": "terryjmitchell/actions-web:latest",
                    "docker_image_tag": "",
                    "docker_registry_password": "",
                    "docker_registry_url": "https://index.docker.io",
                    "docker_registry_username": "",
                    "dotnet_version": "",
                    "go_version": "",
                    "java_server": "",
                    "java_server_version": "",
                    "java_version": "",
                    "node_version": "",
                    "php_version": "",
                    "python_version": "",
                    "ruby_version": ""
                  }
                ],
                "auto_heal_enabled": false,
                "auto_heal_setting": [],
                "container_registry_managed_identity_client_id": "",
                "container_registry_use_managed_identity": false,
                "cors": [],
                "default_documents": [
                  "Default.htm",
                  "Default.html",
                  "Default.asp",
                  "index.htm",
                  "index.html",
                  "iisstart.htm",
                  "default.aspx",
                  "index.php",
                  "hostingstart.html"
                ],
                "detailed_error_logging_enabled": false,
                "ftps_state": "Disabled",
                "health_check_eviction_time_in_min": 0,
                "health_check_path": "",
                "http2_enabled": false,
                "ip_restriction": [],
                "ip_restriction_default_action": "Allow",
                "linux_fx_version": "DOCKER|index.docker.io/terryjmitchell/actions-web:latest",
                "load_balancing_mode": "LeastRequests",
                "local_mysql_enabled": false,
                "managed_pipeline_mode": "Integrated",
                "minimum_tls_version": "1.2",
                "remote_debugging_enabled": false,
                "remote_debugging_version": "VS2022",
                "scm_ip_restriction": [],
                "scm_ip_restriction_default_action": "Allow",
                "scm_minimum_tls_version": "1.2",
                "scm_type": "None",
                "scm_use_main_ip_restriction": false,
                "use_32_bit_worker": true,
                "vnet_route_all_enabled": false,
                "websockets_enabled": false,
                "worker_count": 1
              }
            ],
            "site_credential": [
              {
                "name": "$tjm-gh-actions-web-api",
                "password": "gv8kyhJD4rt6txHjAAcPD4wCGxzqSHXL8ApvmDjWSYBn8n61SembBb7skE50"
              }
            ],
            "sticky_settings": [],
            "storage_account": [],
            "tags": null,
            "timeouts": null,
            "virtual_network_subnet_id": "",
            "webdeploy_publish_basic_authentication_enabled": true,
            "zip_deploy_file": ""
          },
          "sensitive_attributes": [
            [
              {
                "type": "get_attr",
                "value": "custom_domain_verification_id"
              }
            ],
            [
              {
                "type": "get_attr",
                "value": "site_config"
              },
              {
                "type": "index",
                "value": {
                  "value": 0,
                  "type": "number"
                }
              },
              {
                "type": "get_attr",
                "value": "application_stack"
              },
              {
                "type": "index",
                "value": {
                  "value": 0,
                  "type": "number"
                }
              },
              {
                "type": "get_attr",
                "value": "docker_registry_password"
              }
            ],
            [
              {
                "type": "get_attr",
                "value": "site_credential"
              }
            ]
          ],
          "identity_schema_version": 0,
          "private": "eyJlMmJmYjczMC1lY2FhLTExZTYtOGY4OC0zNDM2M2JjN2M0YzAiOnsiY3JlYXRlIjoxODAwMDAwMDAwMDAwLCJkZWxldGUiOjE4MDAwMDAwMDAwMDAsInJlYWQiOjMwMDAwMDAwMDAwMCwidXBkYXRlIjoxODAwMDAwMDAwMDAwfSwic2NoZW1hX3ZlcnNpb24iOiIxIn0=",
          "dependencies": [
            "azurerm_resource_group.gh-actions",
            "azurerm_service_plan.web-api"
          ]
        }
      ]
    },
    {
      "mode": "managed",
      "type": "azurerm_resource_group",
      "name": "gh-actions",
      "provider": "provider[\"registry.terraform.io/hashicorp/azurerm\"]",
      "instances": [
        {
          "schema_version": 0,
          "attributes": {
            "id": "/subscriptions/4cc2c131-61da-4e29-9c69-4d76ca109eec/resourceGroups/gh-actions",
            "location": "centralus",
            "managed_by": "",
            "name": "gh-actions",
            "tags": null,
            "timeouts": null
          },
          "sensitive_attributes": [],
          "identity_schema_version": 0,
          "private": "eyJlMmJmYjczMC1lY2FhLTExZTYtOGY4OC0zNDM2M2JjN2M0YzAiOnsiY3JlYXRlIjo1NDAwMDAwMDAwMDAwLCJkZWxldGUiOjU0MDAwMDAwMDAwMDAsInJlYWQiOjMwMDAwMDAwMDAwMCwidXBkYXRlIjo1NDAwMDAwMDAwMDAwfX0="
        }
      ]
    },
    {
      "mode": "managed",
      "type": "azurerm_service_plan",
      "name": "web-api",
      "provider": "provider[\"registry.terraform.io/hashicorp/azurerm\"]",
      "instances": [
        {
          "schema_version": 1,
          "attributes": {
            "app_service_environment_id": "",
            "id": "/subscriptions/4cc2c131-61da-4e29-9c69-4d76ca109eec/resourceGroups/gh-actions/providers/Microsoft.Web/serverFarms/web-api",
            "kind": "linux",
            "location": "centralus",
            "maximum_elastic_worker_count": 1,
            "name": "web-api",
            "os_type": "Linux",
            "per_site_scaling_enabled": false,
            "reserved": true,
            "resource_group_name": "gh-actions",
            "sku_name": "F1",
            "tags": null,
            "timeouts": null,
            "worker_count": 1,
            "zone_balancing_enabled": false
          },
          "sensitive_attributes": [],
          "identity_schema_version": 0,
          "private": "eyJlMmJmYjczMC1lY2FhLTExZTYtOGY4OC0zNDM2M2JjN2M0YzAiOnsiY3JlYXRlIjozNjAwMDAwMDAwMDAwLCJkZWxldGUiOjM2MDAwMDAwMDAwMDAsInJlYWQiOjMwMDAwMDAwMDAwMCwidXBkYXRlIjozNjAwMDAwMDAwMDAwfSwic2NoZW1hX3ZlcnNpb24iOiIxIn0=",
          "dependencies": [
            "azurerm_resource_group.gh-actions"
          ]
        }
      ]
    }
  ],
  "check_results": null
}
